
Microsoft Visual Studio Solution File, Format Version 12.00
# Visual Studio 15
VisualStudioVersion = 15.0.27004.2005
MinimumVisualStudioVersion = 10.0.40219.1
Project("{FAE04EC0-301F-11D3-BF4B-00C04F79EFBC}") = "TecnunERP", "ERP\TecnunERP.csproj", "{F4EFBD31-6AFE-4FD4-996C-EF16A404621A}"
EndProject
Global
	GlobalSection(SolutionConfigurationPlatforms) = preSolution
		Debug|Any CPU = Debug|Any CPU
		Release|Any CPU = Release|Any CPU
	EndGlobalSection
	GlobalSection(ProjectConfigurationPlatforms) = postSolution
		{F4EFBD31-6AFE-4FD4-996C-EF16A404621A}.Debug|Any CPU.ActiveCfg = Debug|Any CPU
		{F4EFBD31-6AFE-4FD4-996C-EF16A404621A}.Debug|Any CPU.Build.0 = Debug|Any CPU
		{F4EFBD31-6AFE-4FD4-996C-EF16A404621A}.Release|Any CPU.ActiveCfg = Release|Any CPU
		{F4EFBD31-6AFE-4FD4-996C-EF16A404621A}.Release|Any CPU.Build.0 = Release|Any CPU
	EndGlobalSection
	GlobalSection(SolutionProperties) = preSolution
		HideSolutionNode = FALSE
	EndGlobalSection
	GlobalSection(ExtensibilityGlobals) = postSolution
		SolutionGuid = {4ED3B47D-D575-40A7-8BAC-E3FA8FA14FB3}
	EndGlobalSection
EndGlobal
